
Microsoft Visual Studio Solution File, Format Version 12.00
# Visual Studio Version 16
VisualStudioVersion = 16.0.29613.14
MinimumVisualStudioVersion = 10.0.40219.1
Project("{FAE04EC0-301F-11D3-BF4B-00C04F79EFBC}") = "Website", "Website\Website.csproj", "{0827ACC3-3570-4600-B1AF-7B0BFB50E76B}"
EndProject
Project("{FAE04EC0-301F-11D3-BF4B-00C04F79EFBC}") = "Models", "Models\Models.csproj", "{09866EC0-AB4A-4238-8DD9-47B99E24EA6D}"
EndProject
Global
	GlobalSection(SolutionConfigurationPlatforms) = preSolution
		Debug|Any CPU = Debug|Any CPU
		Release|Any CPU = Release|Any CPU
	EndGlobalSection
	GlobalSection(ProjectConfigurationPlatforms) = postSolution
		{0827ACC3-3570-4600-B1AF-7B0BFB50E76B}.Debug|Any CPU.ActiveCfg = Debug|Any CPU
		{0827ACC3-3570-4600-B1AF-7B0BFB50E76B}.Debug|Any CPU.Build.0 = Debug|Any CPU
		{0827ACC3-3570-4600-B1AF-7B0BFB50E76B}.Release|Any CPU.ActiveCfg = Release|Any CPU
		{0827ACC3-3570-4600-B1AF-7B0BFB50E76B}.Release|Any CPU.Build.0 = Release|Any CPU
		{09866EC0-AB4A-4238-8DD9-47B99E24EA6D}.Debug|Any CPU.ActiveCfg = Debug|Any CPU
		{09866EC0-AB4A-4238-8DD9-47B99E24EA6D}.Debug|Any CPU.Build.0 = Debug|Any CPU
		{09866EC0-AB4A-4238-8DD9-47B99E24EA6D}.Release|Any CPU.ActiveCfg = Release|Any CPU
		{09866EC0-AB4A-4238-8DD9-47B99E24EA6D}.Release|Any CPU.Build.0 = Release|Any CPU
	EndGlobalSection
	GlobalSection(SolutionProperties) = preSolution
		HideSolutionNode = FALSE
	EndGlobalSection
	GlobalSection(ExtensibilityGlobals) = postSolution
		SolutionGuid = {2EB48C08-B6D6-4564-B1CD-087505967B90}
	EndGlobalSection
EndGlobal
